
Microsoft Visual Studio Solution File, Format Version 12.00
# Visual Studio Express 15 for Windows Desktop
VisualStudioVersion = 15.0.28307.779
MinimumVisualStudioVersion = 10.0.40219.1
Project("{FAE04EC0-301F-11D3-BF4B-00C04F79EFBC}") = "Entidades", "Entidades\Entidades.csproj", "{7B37A20F-706B-4C1D-A3A7-38B8EDDA5896}"
EndProject
Project("{FAE04EC0-301F-11D3-BF4B-00C04F79EFBC}") = "MiCalculadora", "MiCalculadora\MiCalculadora.csproj", "{8510AF5C-8063-4118-8662-4195C8105FAC}"
EndProject
Global
	GlobalSection(SolutionConfigurationPlatforms) = preSolution
		Debug|Any CPU = Debug|Any CPU
		Release|Any CPU = Release|Any CPU
	EndGlobalSection
	GlobalSection(ProjectConfigurationPlatforms) = postSolution
		{7B37A20F-706B-4C1D-A3A7-38B8EDDA5896}.Debug|Any CPU.ActiveCfg = Debug|Any CPU
		{7B37A20F-706B-4C1D-A3A7-38B8EDDA5896}.Debug|Any CPU.Build.0 = Debug|Any CPU
		{7B37A20F-706B-4C1D-A3A7-38B8EDDA5896}.Release|Any CPU.ActiveCfg = Release|Any CPU
		{7B37A20F-706B-4C1D-A3A7-38B8EDDA5896}.Release|Any CPU.Build.0 = Release|Any CPU
		{8510AF5C-8063-4118-8662-4195C8105FAC}.Debug|Any CPU.ActiveCfg = Debug|Any CPU
		{8510AF5C-8063-4118-8662-4195C8105FAC}.Debug|Any CPU.Build.0 = Debug|Any CPU
		{8510AF5C-8063-4118-8662-4195C8105FAC}.Release|Any CPU.ActiveCfg = Release|Any CPU
		{8510AF5C-8063-4118-8662-4195C8105FAC}.Release|Any CPU.Build.0 = Release|Any CPU
	EndGlobalSection
	GlobalSection(SolutionProperties) = preSolution
		HideSolutionNode = FALSE
	EndGlobalSection
	GlobalSection(ExtensibilityGlobals) = postSolution
		SolutionGuid = {96739A23-7B5C-45E6-A7D7-F55432247336}
	EndGlobalSection
EndGlobal
